# This file is autogenerated, do not edit; changes may be undone by the next 'dep ensure'.


[[projects]]
  branch = "master"
  name = "github.com/googollee/go-engine.io"
  packages = [".","message","parser","polling","transport","websocket"]
  revision = "80ae0e43aca17b4c5a6834999d0f2eaa16b9afda"

[[projects]]
  branch = "master"
  name = "github.com/googollee/go-socket.io"
  packages = ["."]
  revision = "5447e71f36d394766bf855d5714a487596809f0d"

[[projects]]
  name = "github.com/gorilla/websocket"
  packages = ["."]
  revision = "ea4d1f681babbce9545c9c5f3d5194a789c89f5b"
  version = "v1.2.0"

[[projects]]
  branch = "v2"
  name = "gopkg.in/mgo.v2"
  packages = [".","bson","internal/json","internal/sasl","internal/scram"]
  revision = "3f83fa5005286a7fe593b055f0d7771a7dce4655"

[solve-meta]
  analyzer-name = "dep"
  analyzer-version = 1
  inputs-digest = "8289a6b564a28517563d93e04a1fa819b8af38ca9ce28dee1752f27ae5d5327e"
  solver-name = "gps-cdcl"
  solver-version = 1
